
Microsoft Visual Studio Solution File, Format Version 12.00
# Visual Studio 14
VisualStudioVersion = 14.0.23107.0
MinimumVisualStudioVersion = 10.0.40219.1
Project("{FAE04EC0-301F-11D3-BF4B-00C04F79EFBC}") = "CloudantDemoApp", "CloudantDemoApp\CloudantDemoApp.csproj", "{7DEF75DE-433D-4346-811B-EF0B43E30523}"
EndProject
Project("{FAE04EC0-301F-11D3-BF4B-00C04F79EFBC}") = "CloudantClient.PCL", "CloudantClient.PCL\CloudantClient.PCL.csproj", "{E3E2B85A-C213-474D-93D5-39BB421B0D0E}"
EndProject
Global
	GlobalSection(SolutionConfigurationPlatforms) = preSolution
		Debug|Any CPU = Debug|Any CPU
		Release|Any CPU = Release|Any CPU
	EndGlobalSection
	GlobalSection(ProjectConfigurationPlatforms) = postSolution
		{7DEF75DE-433D-4346-811B-EF0B43E30523}.Debug|Any CPU.ActiveCfg = Debug|Any CPU
		{7DEF75DE-433D-4346-811B-EF0B43E30523}.Debug|Any CPU.Build.0 = Debug|Any CPU
		{7DEF75DE-433D-4346-811B-EF0B43E30523}.Release|Any CPU.ActiveCfg = Release|Any CPU
		{7DEF75DE-433D-4346-811B-EF0B43E30523}.Release|Any CPU.Build.0 = Release|Any CPU
		{E3E2B85A-C213-474D-93D5-39BB421B0D0E}.Debug|Any CPU.ActiveCfg = Debug|Any CPU
		{E3E2B85A-C213-474D-93D5-39BB421B0D0E}.Debug|Any CPU.Build.0 = Debug|Any CPU
		{E3E2B85A-C213-474D-93D5-39BB421B0D0E}.Release|Any CPU.ActiveCfg = Release|Any CPU
		{E3E2B85A-C213-474D-93D5-39BB421B0D0E}.Release|Any CPU.Build.0 = Release|Any CPU
	EndGlobalSection
	GlobalSection(SolutionProperties) = preSolution
		HideSolutionNode = FALSE
	EndGlobalSection
EndGlobal
